
Microsoft Visual Studio Solution File, Format Version 12.00
# Visual Studio 15
VisualStudioVersion = 15.0.26730.10
MinimumVisualStudioVersion = 10.0.40219.1
Project("{9A19103F-16F7-4668-BE54-9A1E7A4F7556}") = "AngularStarter", "AngularStarter\AngularStarter.csproj", "{8DB2CFEA-1884-45A0-87E1-11D8E0EEA55F}"
EndProject
Project("{9092AA53-FB77-4645-B42D-1CCCA6BD08BD}") = "DebugGulpfile", "DebugGulpfile\DebugGulpfile.njsproj", "{503FFA43-3833-40F0-963A-5A4D8AFA929E}"
EndProject
Global
	GlobalSection(SolutionConfigurationPlatforms) = preSolution
		Debug|Any CPU = Debug|Any CPU
		Release|Any CPU = Release|Any CPU
	EndGlobalSection
	GlobalSection(ProjectConfigurationPlatforms) = postSolution
		{8DB2CFEA-1884-45A0-87E1-11D8E0EEA55F}.Debug|Any CPU.ActiveCfg = Debug|Any CPU
		{8DB2CFEA-1884-45A0-87E1-11D8E0EEA55F}.Debug|Any CPU.Build.0 = Debug|Any CPU
		{8DB2CFEA-1884-45A0-87E1-11D8E0EEA55F}.Release|Any CPU.ActiveCfg = Release|Any CPU
		{8DB2CFEA-1884-45A0-87E1-11D8E0EEA55F}.Release|Any CPU.Build.0 = Release|Any CPU
		{503FFA43-3833-40F0-963A-5A4D8AFA929E}.Debug|Any CPU.ActiveCfg = Debug|Any CPU
		{503FFA43-3833-40F0-963A-5A4D8AFA929E}.Debug|Any CPU.Build.0 = Debug|Any CPU
		{503FFA43-3833-40F0-963A-5A4D8AFA929E}.Release|Any CPU.ActiveCfg = Release|Any CPU
		{503FFA43-3833-40F0-963A-5A4D8AFA929E}.Release|Any CPU.Build.0 = Release|Any CPU
	EndGlobalSection
	GlobalSection(SolutionProperties) = preSolution
		HideSolutionNode = FALSE
	EndGlobalSection
	GlobalSection(ExtensibilityGlobals) = postSolution
		SolutionGuid = {24EE781A-4770-4358-B45F-B86A9627DCF7}
	EndGlobalSection
EndGlobal
